<Solution>
  <Folder Name="/src/">
    <Project Path="src/ZeroMcp.Relay/ZeroMcp.Relay.csproj" />
  </Folder>
  <Folder Name="/tests/">
    <Project Path="tests/ZeroMcp.Relay.Specs/ZeroMcp.Relay.Specs.csproj" />
    <Project Path="tests/ZeroMcp.Relay.Tests/ZeroMcp.Relay.Tests.csproj" />
  </Folder>
</Solution>
